
Microsoft Visual Studio Solution File, Format Version 12.00
# Visual Studio Version 17
VisualStudioVersion = 17.10.35013.160
MinimumVisualStudioVersion = 10.0.40219.1
Project("{FAE04EC0-301F-11D3-BF4B-00C04F79EFBC}") = "PortableBlueprint", "PortableBlueprint.csproj", "{93C059A6-6B0F-42EE-B894-3A7F31DD9082}"
EndProject
Project("{2150E333-8FDC-42A3-9474-1A3956D46DE8}") = "ソリューション項目", "ソリューション項目", "{F97F29A4-2EE8-4643-A800-A25F152E9A71}"
	ProjectSection(SolutionItems) = preProject
		..\..\Defs\RecipeDef_Blueprint.xml = ..\..\Defs\RecipeDef_Blueprint.xml
		..\..\Patches\StuffAppearancePatch.xml = ..\..\Patches\StuffAppearancePatch.xml
		..\..\Defs\StuffAppearances.xml = ..\..\Defs\StuffAppearances.xml
		..\..\Defs\ThingDefs_Blueprint.xml = ..\..\Defs\ThingDefs_Blueprint.xml
		..\..\Defs\ThingDefs_MinifiedStackable.xml = ..\..\Defs\ThingDefs_MinifiedStackable.xml
		..\..\Defs\ThingDefs_Tent.xml = ..\..\Defs\ThingDefs_Tent.xml
		..\..\Defs\WorkGivers.xml = ..\..\Defs\WorkGivers.xml
	EndProjectSection
EndProject
Project("{FAE04EC0-301F-11D3-BF4B-00C04F79EFBC}") = "UseMinifiedBuildingsPatch", "..\UseMinifiedBuildingsPatch\UseMinifiedBuildingsPatch.csproj", "{41D32591-FC2A-4F06-ACF2-D52FFFC92762}"
EndProject
Global
	GlobalSection(SolutionConfigurationPlatforms) = preSolution
		Debug|Any CPU = Debug|Any CPU
		Release|Any CPU = Release|Any CPU
	EndGlobalSection
	GlobalSection(ProjectConfigurationPlatforms) = postSolution
		{93C059A6-6B0F-42EE-B894-3A7F31DD9082}.Debug|Any CPU.ActiveCfg = Debug|Any CPU
		{93C059A6-6B0F-42EE-B894-3A7F31DD9082}.Debug|Any CPU.Build.0 = Debug|Any CPU
		{93C059A6-6B0F-42EE-B894-3A7F31DD9082}.Release|Any CPU.ActiveCfg = Release|Any CPU
		{93C059A6-6B0F-42EE-B894-3A7F31DD9082}.Release|Any CPU.Build.0 = Release|Any CPU
		{41D32591-FC2A-4F06-ACF2-D52FFFC92762}.Debug|Any CPU.ActiveCfg = Debug|Any CPU
		{41D32591-FC2A-4F06-ACF2-D52FFFC92762}.Debug|Any CPU.Build.0 = Debug|Any CPU
		{41D32591-FC2A-4F06-ACF2-D52FFFC92762}.Release|Any CPU.ActiveCfg = Release|Any CPU
		{41D32591-FC2A-4F06-ACF2-D52FFFC92762}.Release|Any CPU.Build.0 = Release|Any CPU
	EndGlobalSection
	GlobalSection(SolutionProperties) = preSolution
		HideSolutionNode = FALSE
	EndGlobalSection
	GlobalSection(ExtensibilityGlobals) = postSolution
		SolutionGuid = {4BA12A89-E53F-4458-A4D7-4B7DDD9C7B90}
	EndGlobalSection
EndGlobal
